
Microsoft Visual Studio Solution File, Format Version 12.00
# Visual Studio Version 16
VisualStudioVersion = 16.0.31624.102
MinimumVisualStudioVersion = 10.0.40219.1
Project("{FAE04EC0-301F-11D3-BF4B-00C04F79EFBC}") = "OCP_Factory_Strategy", "OCP_Factory_Strategy.csproj", "{1B556C85-5017-4FAD-90A5-8557EFEBF110}"
EndProject
Global
	GlobalSection(SolutionConfigurationPlatforms) = preSolution
		Debug|Any CPU = Debug|Any CPU
		Release|Any CPU = Release|Any CPU
	EndGlobalSection
	GlobalSection(ProjectConfigurationPlatforms) = postSolution
		{1B556C85-5017-4FAD-90A5-8557EFEBF110}.Debug|Any CPU.ActiveCfg = Debug|Any CPU
		{1B556C85-5017-4FAD-90A5-8557EFEBF110}.Debug|Any CPU.Build.0 = Debug|Any CPU
		{1B556C85-5017-4FAD-90A5-8557EFEBF110}.Release|Any CPU.ActiveCfg = Release|Any CPU
		{1B556C85-5017-4FAD-90A5-8557EFEBF110}.Release|Any CPU.Build.0 = Release|Any CPU
	EndGlobalSection
	GlobalSection(SolutionProperties) = preSolution
		HideSolutionNode = FALSE
	EndGlobalSection
	GlobalSection(ExtensibilityGlobals) = postSolution
		SolutionGuid = {BAD8AAE3-B560-49A6-82DE-65BEDF18B6D3}
	EndGlobalSection
EndGlobal
